{
  "name": "AdventOfCode2017",
  "version": "1.0.0",
  "lockfileVersion": 1,
  "requires": true,
  "dependencies": {
    "@types/node": {
      "version": "8.0.53",
      "resolved": "https://registry.npmjs.org/@types/node/-/node-8.0.53.tgz",
      "integrity": "sha512-54Dm6NwYeiSQmRB1BLXKr5GELi0wFapR1npi8bnZhEcu84d/yQKqnwwXQ56hZ0RUbTG6L5nqDZaN3dgByQXQRQ==",
      "dev": true
    },
    "line-by-line": {
      "version": "0.1.5",
      "resolved": "https://registry.npmjs.org/line-by-line/-/line-by-line-0.1.5.tgz",
      "integrity": "sha1-GcRbWfCoBjLDC1xDpkf+Faq5BcI=",
      "dev": true
    },
    "number-spiraler": {
      "version": "0.0.1",
      "resolved": "https://registry.npmjs.org/number-spiraler/-/number-spiraler-0.0.1.tgz",
      "integrity": "sha1-3MfRgD/uOBtLUuIYeQFnbUiNiCU=",
      "dev": true
    },
    "typescript": {
      "version": "2.6.2",
      "resolved": "https://registry.npmjs.org/typescript/-/typescript-2.6.2.tgz",
      "integrity": "sha1-PFtv1/beCRQmkCfwPAlGdY92c6Q=",
      "dev": true
    }
  }
}
